
Microsoft Visual Studio Solution File, Format Version 12.00
# Visual Studio Version 17
VisualStudioVersion = 17.8.34511.84
MinimumVisualStudioVersion = 10.0.40219.1
Project("{FAE04EC0-301F-11D3-BF4B-00C04F79EFBC}") = "Esercizio 2 c sharp", "Esercizio 2 c sharp\Esercizio 2 c sharp.csproj", "{92B33BEA-A44A-4E9F-85C6-C51EA9EFFD34}"
EndProject
Global
	GlobalSection(SolutionConfigurationPlatforms) = preSolution
		Debug|Any CPU = Debug|Any CPU
		Release|Any CPU = Release|Any CPU
	EndGlobalSection
	GlobalSection(ProjectConfigurationPlatforms) = postSolution
		{92B33BEA-A44A-4E9F-85C6-C51EA9EFFD34}.Debug|Any CPU.ActiveCfg = Debug|Any CPU
		{92B33BEA-A44A-4E9F-85C6-C51EA9EFFD34}.Debug|Any CPU.Build.0 = Debug|Any CPU
		{92B33BEA-A44A-4E9F-85C6-C51EA9EFFD34}.Release|Any CPU.ActiveCfg = Release|Any CPU
		{92B33BEA-A44A-4E9F-85C6-C51EA9EFFD34}.Release|Any CPU.Build.0 = Release|Any CPU
	EndGlobalSection
	GlobalSection(SolutionProperties) = preSolution
		HideSolutionNode = FALSE
	EndGlobalSection
	GlobalSection(ExtensibilityGlobals) = postSolution
		SolutionGuid = {6CFE3F4E-DA6B-419D-898A-976CA37C96D6}
	EndGlobalSection
EndGlobal
